# THIS IS AN AUTOGENERATED FILE. DO NOT EDIT THIS FILE DIRECTLY.
# yarn lockfile v1


"@esbuild-kit/cjs-loader@^2.3.3":
  version "2.3.3"
  resolved "https://registry.yarnpkg.com/@esbuild-kit/cjs-loader/-/cjs-loader-2.3.3.tgz#d65a8cc099d88ac58a571403428d82d1a791aefa"
  integrity sha512-Rt4O1mXlPEDVxvjsHLgbtHVdUXYK9C1/6ThpQnt7FaXIjUOsI6qhHYMgALhNnlIMZffag44lXd6Dqgx3xALbpQ==
  dependencies:
    "@esbuild-kit/core-utils" "^2.1.0"
    get-tsconfig "^4.1.0"

"@esbuild-kit/core-utils@^2.1.0":
  version "2.3.0"
  resolved "https://registry.yarnpkg.com/@esbuild-kit/core-utils/-/core-utils-2.3.0.tgz#b1e979fb19d23c71cf8815e3bcd0e792d9c9049d"
  integrity sha512-JL73zt/LN/qqziHuod4/bM2xBNNofDZu1cbwT6KIn6B11lA4cgDXkoSHOfNCbZMZOnh0Aqf0vW/gNQC+Z18hKQ==
  dependencies:
    esbuild "~0.15.4"
    source-map-support "^0.5.21"

"@esbuild-kit/esm-loader@^2.4.2":
  version "2.4.2"
  resolved "https://registry.yarnpkg.com/@esbuild-kit/esm-loader/-/esm-loader-2.4.2.tgz#b358112c6592f422cc43c0439396537481518412"
  integrity sha512-N9dPKAj8WOx6djVnStgILWXip4fjDcBk9L7azO0/uQDpu8Ee0eaL78mkN4Acid9BzvNAKWwdYXFJZnsVahNEew==
  dependencies:
    "@esbuild-kit/core-utils" "^2.1.0"
    get-tsconfig "^4.1.0"

"@esbuild/linux-loong64@0.15.5":
  version "0.15.5"
  resolved "https://registry.yarnpkg.com/@esbuild/linux-loong64/-/linux-loong64-0.15.5.tgz#91aef76d332cdc7c8942b600fa2307f3387e6f82"
  integrity sha512-UHkDFCfSGTuXq08oQltXxSZmH1TXyWsL+4QhZDWvvLl6mEJQqk3u7/wq1LjhrrAXYIllaTtRSzUXl4Olkf2J8A==

"@types/node@^16.0.0":
  version "16.11.56"
  resolved "https://registry.yarnpkg.com/@types/node/-/node-16.11.56.tgz#dcbb617669481e158e0f1c6204d1c768cd675901"
  integrity sha512-aFcUkv7EddxxOa/9f74DINReQ/celqH8DiB3fRYgVDM2Xm5QJL8sl80QKuAnGvwAsMn+H3IFA6WCrQh1CY7m1A==

buffer-from@^1.0.0:
  version "1.1.2"
  resolved "https://registry.yarnpkg.com/buffer-from/-/buffer-from-1.1.2.tgz#2b146a6fd72e80b4f55d255f35ed59a3a9a41bd5"
  integrity sha512-E+XQCRwSbaaiChtv6k6Dwgc+bx+Bs6vuKJHHl5kox/BaKbhiXzqQOwK4cO22yElGp2OCmjwVhT3HmxgyPGnJfQ==

col-config@^1.1.0:
  version "1.1.0"
  resolved "https://registry.yarnpkg.com/col-config/-/col-config-1.1.0.tgz#0fffb2024d20ad8cd26855f5f834417d64ff63a9"
  integrity sha512-5UaNo41P7Nvz8evN7/A55ylxGieypX3uavJqD1v+meHnzJi4YTTn4v4auUcQWWwqnyJlj98KMwwVAn+7JSGj+Q==

esbuild-android-64@0.15.5:
  version "0.15.5"
  resolved "https://registry.yarnpkg.com/esbuild-android-64/-/esbuild-android-64-0.15.5.tgz#3c7b2f2a59017dab3f2c0356188a8dd9cbdc91c8"
  integrity sha512-dYPPkiGNskvZqmIK29OPxolyY3tp+c47+Fsc2WYSOVjEPWNCHNyqhtFqQadcXMJDQt8eN0NMDukbyQgFcHquXg==

esbuild-android-arm64@0.15.5:
  version "0.15.5"
  resolved "https://registry.yarnpkg.com/esbuild-android-arm64/-/esbuild-android-arm64-0.15.5.tgz#e301db818c5a67b786bf3bb7320e414ac0fcf193"
  integrity sha512-YyEkaQl08ze3cBzI/4Cm1S+rVh8HMOpCdq8B78JLbNFHhzi4NixVN93xDrHZLztlocEYqi45rHHCgA8kZFidFg==

esbuild-darwin-64@0.15.5:
  version "0.15.5"
  resolved "https://registry.yarnpkg.com/esbuild-darwin-64/-/esbuild-darwin-64-0.15.5.tgz#11726de5d0bf5960b92421ef433e35871c091f8d"
  integrity sha512-Cr0iIqnWKx3ZTvDUAzG0H/u9dWjLE4c2gTtRLz4pqOBGjfjqdcZSfAObFzKTInLLSmD0ZV1I/mshhPoYSBMMCQ==

esbuild-darwin-arm64@0.15.5:
  version "0.15.5"
  resolved "https://registry.yarnpkg.com/esbuild-darwin-arm64/-/esbuild-darwin-arm64-0.15.5.tgz#ad89dafebb3613fd374f5a245bb0ce4132413997"
  integrity sha512-WIfQkocGtFrz7vCu44ypY5YmiFXpsxvz2xqwe688jFfSVCnUsCn2qkEVDo7gT8EpsLOz1J/OmqjExePL1dr1Kg==

esbuild-freebsd-64@0.15.5:
  version "0.15.5"
  resolved "https://registry.yarnpkg.com/esbuild-freebsd-64/-/esbuild-freebsd-64-0.15.5.tgz#6bfb52b4a0d29c965aa833e04126e95173289c8a"
  integrity sha512-M5/EfzV2RsMd/wqwR18CELcenZ8+fFxQAAEO7TJKDmP3knhWSbD72ILzrXFMMwshlPAS1ShCZ90jsxkm+8FlaA==

esbuild-freebsd-arm64@0.15.5:
  version "0.15.5"
  resolved "https://registry.yarnpkg.com/esbuild-freebsd-arm64/-/esbuild-freebsd-arm64-0.15.5.tgz#38a3fed8c6398072f9914856c7c3e3444f9ef4dd"
  integrity sha512-2JQQ5Qs9J0440F/n/aUBNvY6lTo4XP/4lt1TwDfHuo0DY3w5++anw+jTjfouLzbJmFFiwmX7SmUhMnysocx96w==

esbuild-linux-32@0.15.5:
  version "0.15.5"
  resolved "https://registry.yarnpkg.com/esbuild-linux-32/-/esbuild-linux-32-0.15.5.tgz#942dc70127f0c0a7ea91111baf2806e61fc81b32"
  integrity sha512-gO9vNnIN0FTUGjvTFucIXtBSr1Woymmx/aHQtuU+2OllGU6YFLs99960UD4Dib1kFovVgs59MTXwpFdVoSMZoQ==

esbuild-linux-64@0.15.5:
  version "0.15.5"
  resolved "https://registry.yarnpkg.com/esbuild-linux-64/-/esbuild-linux-64-0.15.5.tgz#6d748564492d5daaa7e62420862c31ac3a44aed9"
  integrity sha512-ne0GFdNLsm4veXbTnYAWjbx3shpNKZJUd6XpNbKNUZaNllDZfYQt0/zRqOg0sc7O8GQ+PjSMv9IpIEULXVTVmg==

esbuild-linux-arm64@0.15.5:
  version "0.15.5"
  resolved "https://registry.yarnpkg.com/esbuild-linux-arm64/-/esbuild-linux-arm64-0.15.5.tgz#28cd899beb2d2b0a3870fd44f4526835089a318d"
  integrity sha512-7EgFyP2zjO065XTfdCxiXVEk+f83RQ1JsryN1X/VSX2li9rnHAt2swRbpoz5Vlrl6qjHrCmq5b6yxD13z6RheA==

esbuild-linux-arm@0.15.5:
  version "0.15.5"
  resolved "https://registry.yarnpkg.com/esbuild-linux-arm/-/esbuild-linux-arm-0.15.5.tgz#6441c256225564d8794fdef5b0a69bc1a43051b5"
  integrity sha512-wvAoHEN+gJ/22gnvhZnS/+2H14HyAxM07m59RSLn3iXrQsdS518jnEWRBnJz3fR6BJa+VUTo0NxYjGaNt7RA7Q==

esbuild-linux-mips64le@0.15.5:
  version "0.15.5"
  resolved "https://registry.yarnpkg.com/esbuild-linux-mips64le/-/esbuild-linux-mips64le-0.15.5.tgz#d4927f817290eaffc062446896b2a553f0e11981"
  integrity sha512-KdnSkHxWrJ6Y40ABu+ipTZeRhFtc8dowGyFsZY5prsmMSr1ZTG9zQawguN4/tunJ0wy3+kD54GaGwdcpwWAvZQ==

esbuild-linux-ppc64le@0.15.5:
  version "0.15.5"
  resolved "https://registry.yarnpkg.com/esbuild-linux-ppc64le/-/esbuild-linux-ppc64le-0.15.5.tgz#b6d660dc6d5295f89ac51c675f1a2f639e2fb474"
  integrity sha512-QdRHGeZ2ykl5P0KRmfGBZIHmqcwIsUKWmmpZTOq573jRWwmpfRmS7xOhmDHBj9pxv+6qRMH8tLr2fe+ZKQvCYw==

esbuild-linux-riscv64@0.15.5:
  version "0.15.5"
  resolved "https://registry.yarnpkg.com/esbuild-linux-riscv64/-/esbuild-linux-riscv64-0.15.5.tgz#2801bf18414dc3d3ad58d1ea83084f00d9d84896"
  integrity sha512-p+WE6RX+jNILsf+exR29DwgV6B73khEQV0qWUbzxaycxawZ8NE0wA6HnnTxbiw5f4Gx9sJDUBemh9v49lKOORA==

esbuild-linux-s390x@0.15.5:
  version "0.15.5"
  resolved "https://registry.yarnpkg.com/esbuild-linux-s390x/-/esbuild-linux-s390x-0.15.5.tgz#12a634ae6d3384cacc2b8f4201047deafe596eae"
  integrity sha512-J2ngOB4cNzmqLHh6TYMM/ips8aoZIuzxJnDdWutBw5482jGXiOzsPoEF4j2WJ2mGnm7FBCO4StGcwzOgic70JQ==

esbuild-netbsd-64@0.15.5:
  version "0.15.5"
  resolved "https://registry.yarnpkg.com/esbuild-netbsd-64/-/esbuild-netbsd-64-0.15.5.tgz#951bbf87600512dfcfbe3b8d9d117d684d26c1b8"
  integrity sha512-MmKUYGDizYjFia0Rwt8oOgmiFH7zaYlsoQ3tIOfPxOqLssAsEgG0MUdRDm5lliqjiuoog8LyDu9srQk5YwWF3w==

esbuild-openbsd-64@0.15.5:
  version "0.15.5"
  resolved "https://registry.yarnpkg.com/esbuild-openbsd-64/-/esbuild-openbsd-64-0.15.5.tgz#26705b61961d525d79a772232e8b8f211fdbb035"
  integrity sha512-2mMFfkLk3oPWfopA9Plj4hyhqHNuGyp5KQyTT9Rc8hFd8wAn5ZrbJg+gNcLMo2yzf8Uiu0RT6G9B15YN9WQyMA==

esbuild-sunos-64@0.15.5:
  version "0.15.5"
  resolved "https://registry.yarnpkg.com/esbuild-sunos-64/-/esbuild-sunos-64-0.15.5.tgz#d794da1ae60e6e2f6194c44d7b3c66bf66c7a141"
  integrity sha512-2sIzhMUfLNoD+rdmV6AacilCHSxZIoGAU2oT7XmJ0lXcZWnCvCtObvO6D4puxX9YRE97GodciRGDLBaiC6x1SA==

esbuild-windows-32@0.15.5:
  version "0.15.5"
  resolved "https://registry.yarnpkg.com/esbuild-windows-32/-/esbuild-windows-32-0.15.5.tgz#0670326903f421424be86bc03b7f7b3ff86a9db7"
  integrity sha512-e+duNED9UBop7Vnlap6XKedA/53lIi12xv2ebeNS4gFmu7aKyTrok7DPIZyU5w/ftHD4MUDs5PJUkQPP9xJRzg==

esbuild-windows-64@0.15.5:
  version "0.15.5"
  resolved "https://registry.yarnpkg.com/esbuild-windows-64/-/esbuild-windows-64-0.15.5.tgz#64f32acb7341f3f0a4d10e8ff1998c2d1ebfc0a9"
  integrity sha512-v+PjvNtSASHOjPDMIai9Yi+aP+Vwox+3WVdg2JB8N9aivJ7lyhp4NVU+J0MV2OkWFPnVO8AE/7xH+72ibUUEnw==

esbuild-windows-arm64@0.15.5:
  version "0.15.5"
  resolved "https://registry.yarnpkg.com/esbuild-windows-arm64/-/esbuild-windows-arm64-0.15.5.tgz#4fe7f333ce22a922906b10233c62171673a3854b"
  integrity sha512-Yz8w/D8CUPYstvVQujByu6mlf48lKmXkq6bkeSZZxTA626efQOJb26aDGLzmFWx6eg/FwrXgt6SZs9V8Pwy/aA==

esbuild@~0.15.4:
  version "0.15.5"
  resolved "https://registry.yarnpkg.com/esbuild/-/esbuild-0.15.5.tgz#5effd05666f621d4ff2fe2c76a67c198292193ff"
  integrity sha512-VSf6S1QVqvxfIsSKb3UKr3VhUCis7wgDbtF4Vd9z84UJr05/Sp2fRKmzC+CSPG/dNAPPJZ0BTBLTT1Fhd6N9Gg==
  optionalDependencies:
    "@esbuild/linux-loong64" "0.15.5"
    esbuild-android-64 "0.15.5"
    esbuild-android-arm64 "0.15.5"
    esbuild-darwin-64 "0.15.5"
    esbuild-darwin-arm64 "0.15.5"
    esbuild-freebsd-64 "0.15.5"
    esbuild-freebsd-arm64 "0.15.5"
    esbuild-linux-32 "0.15.5"
    esbuild-linux-64 "0.15.5"
    esbuild-linux-arm "0.15.5"
    esbuild-linux-arm64 "0.15.5"
    esbuild-linux-mips64le "0.15.5"
    esbuild-linux-ppc64le "0.15.5"
    esbuild-linux-riscv64 "0.15.5"
    esbuild-linux-s390x "0.15.5"
    esbuild-netbsd-64 "0.15.5"
    esbuild-openbsd-64 "0.15.5"
    esbuild-sunos-64 "0.15.5"
    esbuild-windows-32 "0.15.5"
    esbuild-windows-64 "0.15.5"
    esbuild-windows-arm64 "0.15.5"

fsevents@~2.3.2:
  version "2.3.2"
  resolved "https://registry.yarnpkg.com/fsevents/-/fsevents-2.3.2.tgz#8a526f78b8fdf4623b709e0b975c52c24c02fd1a"
  integrity sha512-xiqMQR4xAeHTuB9uWm+fFRcIOgKBMiOBP+eXiyT7jsgVCq1bkVygt00oASowB7EdtpOHaaPgKt812P9ab+DDKA==

get-tsconfig@^4.1.0:
  version "4.2.0"
  resolved "https://registry.yarnpkg.com/get-tsconfig/-/get-tsconfig-4.2.0.tgz#ff368dd7104dab47bf923404eb93838245c66543"
  integrity sha512-X8u8fREiYOE6S8hLbq99PeykTDoLVnxvF4DjWKJmz9xy2nNRdUcV8ZN9tniJFeKyTU3qnC9lL8n4Chd6LmVKHg==

husky@^8.0.1:
  version "8.0.1"
  resolved "https://registry.yarnpkg.com/husky/-/husky-8.0.1.tgz#511cb3e57de3e3190514ae49ed50f6bc3f50b3e9"
  integrity sha512-xs7/chUH/CKdOCs7Zy0Aev9e/dKOMZf3K1Az1nar3tzlv0jfqnYtu235bstsWTmXOR0EfINrPa97yy4Lz6RiKw==

nano-staged@^0.8.0:
  version "0.8.0"
  resolved "https://registry.yarnpkg.com/nano-staged/-/nano-staged-0.8.0.tgz#23fd9a696a8f0d5b7b451b45a71a0ee884d115c1"
  integrity sha512-QSEqPGTCJbkHU2yLvfY6huqYPjdBrOaTMKatO1F8nCSrkQGXeKwtCiCnsdxnuMhbg3DTVywKaeWLGCE5oJpq0g==
  dependencies:
    picocolors "^1.0.0"

picocolors@^1.0.0:
  version "1.0.0"
  resolved "https://registry.yarnpkg.com/picocolors/-/picocolors-1.0.0.tgz#cb5bdc74ff3f51892236eaf79d68bc44564ab81c"
  integrity sha512-1fygroTLlHu66zi26VoTDv8yRgm0Fccecssto+MhsZ0D/DGW2sm8E8AjW7NU5VVTRt5GxbeZ5qBuJr+HyLYkjQ==

prettier@^2.6.2:
  version "2.7.1"
  resolved "https://registry.yarnpkg.com/prettier/-/prettier-2.7.1.tgz#e235806850d057f97bb08368a4f7d899f7760c64"
  integrity sha512-ujppO+MkdPqoVINuDFDRLClm7D78qbDt0/NR+wp5FqEZOoTNAjPHWj17QRhu7geIHJfcNhRk1XVQmF8Bp3ye+g==

source-map-support@^0.5.21:
  version "0.5.21"
  resolved "https://registry.yarnpkg.com/source-map-support/-/source-map-support-0.5.21.tgz#04fe7c7f9e1ed2d662233c28cb2b35b9f63f6e4f"
  integrity sha512-uBHU3L3czsIyYXKX88fdrGovxdSCoTGDRZ6SYXtSRxLZUzHg5P/66Ht6uoUlHu9EZod+inXhKo3qQgwXUT/y1w==
  dependencies:
    buffer-from "^1.0.0"
    source-map "^0.6.0"

source-map@^0.6.0:
  version "0.6.1"
  resolved "https://registry.yarnpkg.com/source-map/-/source-map-0.6.1.tgz#74722af32e9614e9c287a8d0bbde48b5e2f1a263"
  integrity sha512-UjgapumWlbMhkBgzT7Ykc5YXUT46F0iKu8SGXq0bcwP5dz/h0Plj6enJqjz1Zbq2l5WaqYnrVbwWOWMyF3F47g==

tsx@^3.4.2:
  version "3.8.2"
  resolved "https://registry.yarnpkg.com/tsx/-/tsx-3.8.2.tgz#5522dbe28890b63dedb659fc86fb9c5224207c5e"
  integrity sha512-Jf9izq3Youry5aEarspf6Gm+v/IE2A2xP7YVhtNH1VSCpM0jjACg7C3oD5rIoLBfXWGJSZj4KKC2bwE0TgLb2Q==
  dependencies:
    "@esbuild-kit/cjs-loader" "^2.3.3"
    "@esbuild-kit/core-utils" "^2.1.0"
    "@esbuild-kit/esm-loader" "^2.4.2"
  optionalDependencies:
    fsevents "~2.3.2"

typescript@^4.7.2:
  version "4.8.2"
  resolved "https://registry.yarnpkg.com/typescript/-/typescript-4.8.2.tgz#e3b33d5ccfb5914e4eeab6699cf208adee3fd790"
  integrity sha512-C0I1UsrrDHo2fYI5oaCGbSejwX4ch+9Y5jTQELvovfmFkK3HHSZJB8MSJcWLmCUBzQBchCrZ9rMRV6GuNrvGtw==
